
Microsoft Visual Studio Solution File, Format Version 12.00
# Visual Studio Version 17
VisualStudioVersion = 17.3.32929.385
MinimumVisualStudioVersion = 10.0.40219.1
Project("{9A19103F-16F7-4668-BE54-9A1E7A4F7556}") = "Api", "Api\Api.csproj", "{A2502927-86C5-49D1-A7D6-CD2C51529851}"
EndProject
Project("{9A19103F-16F7-4668-BE54-9A1E7A4F7556}") = "DAL", "DAL\DAL.csproj", "{B7C55F52-E125-4B57-9785-C318EE842396}"
EndProject
Project("{9A19103F-16F7-4668-BE54-9A1E7A4F7556}") = "Common", "Common\Common.csproj", "{5F9DAC1B-2FBF-4E62-82EA-068821DBD104}"
	ProjectSection(ProjectDependencies) = postProject
		{B7C55F52-E125-4B57-9785-C318EE842396} = {B7C55F52-E125-4B57-9785-C318EE842396}
	EndProjectSection
EndProject
Global
	GlobalSection(SolutionConfigurationPlatforms) = preSolution
		Debug|Any CPU = Debug|Any CPU
		Release|Any CPU = Release|Any CPU
	EndGlobalSection
	GlobalSection(ProjectConfigurationPlatforms) = postSolution
		{A2502927-86C5-49D1-A7D6-CD2C51529851}.Debug|Any CPU.ActiveCfg = Debug|Any CPU
		{A2502927-86C5-49D1-A7D6-CD2C51529851}.Debug|Any CPU.Build.0 = Debug|Any CPU
		{A2502927-86C5-49D1-A7D6-CD2C51529851}.Release|Any CPU.ActiveCfg = Release|Any CPU
		{A2502927-86C5-49D1-A7D6-CD2C51529851}.Release|Any CPU.Build.0 = Release|Any CPU
		{B7C55F52-E125-4B57-9785-C318EE842396}.Debug|Any CPU.ActiveCfg = Debug|Any CPU
		{B7C55F52-E125-4B57-9785-C318EE842396}.Debug|Any CPU.Build.0 = Debug|Any CPU
		{B7C55F52-E125-4B57-9785-C318EE842396}.Release|Any CPU.ActiveCfg = Release|Any CPU
		{B7C55F52-E125-4B57-9785-C318EE842396}.Release|Any CPU.Build.0 = Release|Any CPU
		{5F9DAC1B-2FBF-4E62-82EA-068821DBD104}.Debug|Any CPU.ActiveCfg = Debug|Any CPU
		{5F9DAC1B-2FBF-4E62-82EA-068821DBD104}.Debug|Any CPU.Build.0 = Debug|Any CPU
		{5F9DAC1B-2FBF-4E62-82EA-068821DBD104}.Release|Any CPU.ActiveCfg = Release|Any CPU
		{5F9DAC1B-2FBF-4E62-82EA-068821DBD104}.Release|Any CPU.Build.0 = Release|Any CPU
	EndGlobalSection
	GlobalSection(SolutionProperties) = preSolution
		HideSolutionNode = FALSE
	EndGlobalSection
	GlobalSection(ExtensibilityGlobals) = postSolution
		SolutionGuid = {B9AD80E6-AC2E-49BB-A4BE-C7889857353A}
	EndGlobalSection
EndGlobal
